// !$*UTF8*$!
{
	archiveVersion = 1;
	classes = {
	};
	objectVersion = 56;
	objects = {

/* Begin PBXBuildFile section */
		64E048A92A94207500C68C19 /* CatsApp.swift in Sources */ = {isa = PBXBuildFile; fileRef = 64E048A82A94207500C68C19 /* CatsApp.swift */; };
		64E048AB2A94207500C68C19 /* ContentView.swift in Sources */ = {isa = PBXBuildFile; fileRef = 64E048AA2A94207500C68C19 /* ContentView.swift */; };
		64E048AD2A94207900C68C19 /* Assets.xcassets in Resources */ = {isa = PBXBuildFile; fileRef = 64E048AC2A94207900C68C19 /* Assets.xcassets */; };
		64E048B02A94207900C68C19 /* Preview Assets.xcassets in Resources */ = {isa = PBXBuildFile; fileRef = 64E048AF2A94207900C68C19 /* Preview Assets.xcassets */; };
		64E048BA2A94207A00C68C19 /* CatsTests.swift in Sources */ = {isa = PBXBuildFile; fileRef = 64E048B92A94207A00C68C19 /* CatsTests.swift */; };
		64E048C42A94207A00C68C19 /* CatsUITests.swift in Sources */ = {isa = PBXBuildFile; fileRef = 64E048C32A94207A00C68C19 /* CatsUITests.swift */; };
		64E048C62A94207A00C68C19 /* CatsUITestsLaunchTests.swift in Sources */ = {isa = PBXBuildFile; fileRef = 64E048C52A94207A00C68C19 /* CatsUITestsLaunchTests.swift */; };
		64E048D62A942B4500C68C19 /* Info.swift in Sources */ = {isa = PBXBuildFile; fileRef = 64E048D52A942B4400C68C19 /* Info.swift */; };
		64E048D82A942D0500C68C19 /* InfoService.swift in Sources */ = {isa = PBXBuildFile; fileRef = 64E048D72A942D0500C68C19 /* InfoService.swift */; };
		64E048DA2A945C3800C68C19 /* CatServiceViewModel.swift in Sources */ = {isa = PBXBuildFile; fileRef = 64E048D92A945C3800C68C19 /* CatServiceViewModel.swift */; };
		64E048DC2A9533CA00C68C19 /* CatListViewController.swift in Sources */ = {isa = PBXBuildFile; fileRef = 64E048DB2A9533CA00C68C19 /* CatListViewController.swift */; };
/* End PBXBuildFile section */

/* Begin PBXContainerItemProxy section */
		64E048B62A94207A00C68C19 /* PBXContainerItemProxy */ = {
			isa = PBXContainerItemProxy;
			containerPortal = 64E0489D2A94207500C68C19 /* Project object */;
			proxyType = 1;
			remoteGlobalIDString = 64E048A42A94207500C68C19;
			remoteInfo = Cats;
		};
		64E048C02A94207A00C68C19 /* PBXContainerItemProxy */ = {
			isa = PBXContainerItemProxy;
			containerPortal = 64E0489D2A94207500C68C19 /* Project object */;
			proxyType = 1;
			remoteGlobalIDString = 64E048A42A94207500C68C19;
			remoteInfo = Cats;
		};
/* End PBXContainerItemProxy section */

/* Begin PBXFileReference section */
		64E048A52A94207500C68C19 /* Cats.app */ = {isa = PBXFileReference; explicitFileType = wrapper.application; includeInIndex = 0; path = Cats.app; sourceTree = BUILT_PRODUCTS_DIR; };
		64E048A82A94207500C68C19 /* CatsApp.swift */ = {isa = PBXFileReference; lastKnownFileType = sourcecode.swift; path = CatsApp.swift; sourceTree = "<group>"; };
		64E048AA2A94207500C68C19 /* ContentView.swift */ = {isa = PBXFileReference; lastKnownFileType = sourcecode.swift; path = ContentView.swift; sourceTree = "<group>"; };
		64E048AC2A94207900C68C19 /* Assets.xcassets */ = {isa = PBXFileReference; lastKnownFileType = folder.assetcatalog; path = Assets.xcassets; sourceTree = "<group>"; };
		64E048AF2A94207900C68C19 /* Preview Assets.xcassets */ = {isa = PBXFileReference; lastKnownFileType = folder.assetcatalog; path = "Preview Assets.xcassets"; sourceTree = "<group>"; };
		64E048B52A94207A00C68C19 /* CatsTests.xctest */ = {isa = PBXFileReference; explicitFileType = wrapper.cfbundle; includeInIndex = 0; path = CatsTests.xctest; sourceTree = BUILT_PRODUCTS_DIR; };
		64E048B92A94207A00C68C19 /* CatsTests.swift */ = {isa = PBXFileReference; lastKnownFileType = sourcecode.swift; path = CatsTests.swift; sourceTree = "<group>"; };
		64E048BF2A94207A00C68C19 /* CatsUITests.xctest */ = {isa = PBXFileReference; explicitFileType = wrapper.cfbundle; includeInIndex = 0; path = CatsUITests.xctest; sourceTree = BUILT_PRODUCTS_DIR; };
		64E048C32A94207A00C68C19 /* CatsUITests.swift */ = {isa = PBXFileReference; lastKnownFileType = sourcecode.swift; path = CatsUITests.swift; sourceTree = "<group>"; };
		64E048C52A94207A00C68C19 /* CatsUITestsLaunchTests.swift */ = {isa = PBXFileReference; lastKnownFileType = sourcecode.swift; path = CatsUITestsLaunchTests.swift; sourceTree = "<group>"; };
		64E048D52A942B4400C68C19 /* Info.swift */ = {isa = PBXFileReference; lastKnownFileType = sourcecode.swift; path = Info.swift; sourceTree = "<group>"; };
		64E048D72A942D0500C68C19 /* InfoService.swift */ = {isa = PBXFileReference; lastKnownFileType = sourcecode.swift; path = InfoService.swift; sourceTree = "<group>"; };
		64E048D92A945C3800C68C19 /* CatServiceViewModel.swift */ = {isa = PBXFileReference; lastKnownFileType = sourcecode.swift; path = CatServiceViewModel.swift; sourceTree = "<group>"; };
		64E048DB2A9533CA00C68C19 /* CatListViewController.swift */ = {isa = PBXFileReference; lastKnownFileType = sourcecode.swift; path = CatListViewController.swift; sourceTree = "<group>"; };
/* End PBXFileReference section */

/* Begin PBXFrameworksBuildPhase section */
		64E048A22A94207500C68C19 /* Frameworks */ = {
			isa = PBXFrameworksBuildPhase;
			buildActionMask = 2147483647;
			files = (
			);
			runOnlyForDeploymentPostprocessing = 0;
		};
		64E048B22A94207A00C68C19 /* Frameworks */ = {
			isa = PBXFrameworksBuildPhase;
			buildActionMask = 2147483647;
			files = (
			);
			runOnlyForDeploymentPostprocessing = 0;
		};
		64E048BC2A94207A00C68C19 /* Frameworks */ = {
			isa = PBXFrameworksBuildPhase;
			buildActionMask = 2147483647;
			files = (
			);
			runOnlyForDeploymentPostprocessing = 0;
		};
/* End PBXFrameworksBuildPhase section */

/* Begin PBXGroup section */
		64E0489C2A94207500C68C19 = {
			isa = PBXGroup;
			children = (
				64E048A72A94207500C68C19 /* Cats */,
				64E048B82A94207A00C68C19 /* CatsTests */,
				64E048C22A94207A00C68C19 /* CatsUITests */,
				64E048A62A94207500C68C19 /* Products */,
			);
			sourceTree = "<group>";
		};
		64E048A62A94207500C68C19 /* Products */ = {
			isa = PBXGroup;
			children = (
				64E048A52A94207500C68C19 /* Cats.app */,
				64E048B52A94207A00C68C19 /* CatsTests.xctest */,
				64E048BF2A94207A00C68C19 /* CatsUITests.xctest */,
			);
			name = Products;
			sourceTree = "<group>";
		};
		64E048A72A94207500C68C19 /* Cats */ = {
			isa = PBXGroup;
			children = (
				64E048D42A9422D600C68C19 /* View */,
				64E048D32A9422CB00C68C19 /* ViewModel */,
				64E048D22A9422BF00C68C19 /* Model */,
				64E048A82A94207500C68C19 /* CatsApp.swift */,
				64E048AA2A94207500C68C19 /* ContentView.swift */,
				64E048AC2A94207900C68C19 /* Assets.xcassets */,
				64E048AE2A94207900C68C19 /* Preview Content */,
			);
			path = Cats;
			sourceTree = "<group>";
		};
		64E048AE2A94207900C68C19 /* Preview Content */ = {
			isa = PBXGroup;
			children = (
				64E048AF2A94207900C68C19 /* Preview Assets.xcassets */,
			);
			path = "Preview Content";
			sourceTree = "<group>";
		};
		64E048B82A94207A00C68C19 /* CatsTests */ = {
			isa = PBXGroup;
			children = (
				64E048B92A94207A00C68C19 /* CatsTests.swift */,
			);
			path = CatsTests;
			sourceTree = "<group>";
		};
		64E048C22A94207A00C68C19 /* CatsUITests */ = {
			isa = PBXGroup;
			children = (
				64E048C32A94207A00C68C19 /* CatsUITests.swift */,
				64E048C52A94207A00C68C19 /* CatsUITestsLaunchTests.swift */,
			);
			path = CatsUITests;
			sourceTree = "<group>";
		};
		64E048D22A9422BF00C68C19 /* Model */ = {
			isa = PBXGroup;
			children = (
				64E048D52A942B4400C68C19 /* Info.swift */,
				64E048D72A942D0500C68C19 /* InfoService.swift */,
			);
			path = Model;
			sourceTree = "<group>";
		};
		64E048D32A9422CB00C68C19 /* ViewModel */ = {
			isa = PBXGroup;
			children = (
				64E048D92A945C3800C68C19 /* CatServiceViewModel.swift */,
				64E048DB2A9533CA00C68C19 /* CatListViewController.swift */,
			);
			path = ViewModel;
			sourceTree = "<group>";
		};
		64E048D42A9422D600C68C19 /* View */ = {
			isa = PBXGroup;
			children = (
			);
			path = View;
			sourceTree = "<group>";
		};
/* End PBXGroup section */

/* Begin PBXNativeTarget section */
		64E048A42A94207500C68C19 /* Cats */ = {
			isa = PBXNativeTarget;
			buildConfigurationList = 64E048C92A94207A00C68C19 /* Build configuration list for PBXNativeTarget "Cats" */;
			buildPhases = (
				64E048A12A94207500C68C19 /* Sources */,
				64E048A22A94207500C68C19 /* Frameworks */,
				64E048A32A94207500C68C19 /* Resources */,
			);
			buildRules = (
			);
			dependencies = (
			);
			name = Cats;
			productName = Cats;
			productReference = 64E048A52A94207500C68C19 /* Cats.app */;
			productType = "com.apple.product-type.application";
		};
		64E048B42A94207A00C68C19 /* CatsTests */ = {
			isa = PBXNativeTarget;
			buildConfigurationList = 64E048CC2A94207A00C68C19 /* Build configuration list for PBXNativeTarget "CatsTests" */;
			buildPhases = (
				64E048B12A94207A00C68C19 /* Sources */,
				64E048B22A94207A00C68C19 /* Frameworks */,
				64E048B32A94207A00C68C19 /* Resources */,
			);
			buildRules = (
			);
			dependencies = (
				64E048B72A94207A00C68C19 /* PBXTargetDependency */,
			);
			name = CatsTests;
			productName = CatsTests;
			productReference = 64E048B52A94207A00C68C19 /* CatsTests.xctest */;
			productType = "com.apple.product-type.bundle.unit-test";
		};
		64E048BE2A94207A00C68C19 /* CatsUITests */ = {
			isa = PBXNativeTarget;
			buildConfigurationList = 64E048CF2A94207A00C68C19 /* Build configuration list for PBXNativeTarget "CatsUITests" */;
			buildPhases = (
				64E048BB2A94207A00C68C19 /* Sources */,
				64E048BC2A94207A00C68C19 /* Frameworks */,
				64E048BD2A94207A00C68C19 /* Resources */,
			);
			buildRules = (
			);
			dependencies = (
				64E048C12A94207A00C68C19 /* PBXTargetDependency */,
			);
			name = CatsUITests;
			productName = CatsUITests;
			productReference = 64E048BF2A94207A00C68C19 /* CatsUITests.xctest */;
			productType = "com.apple.product-type.bundle.ui-testing";
		};
/* End PBXNativeTarget section */

/* Begin PBXProject section */
		64E0489D2A94207500C68C19 /* Project object */ = {
			isa = PBXProject;
			attributes = {
				BuildIndependentTargetsInParallel = 1;
				LastSwiftUpdateCheck = 1430;
				LastUpgradeCheck = 1430;
				TargetAttributes = {
					64E048A42A94207500C68C19 = {
						CreatedOnToolsVersion = 14.3.1;
					};
					64E048B42A94207A00C68C19 = {
						CreatedOnToolsVersion = 14.3.1;
						TestTargetID = 64E048A42A94207500C68C19;
					};
					64E048BE2A94207A00C68C19 = {
						CreatedOnToolsVersion = 14.3.1;
						TestTargetID = 64E048A42A94207500C68C19;
					};
				};
			};
			buildConfigurationList = 64E048A02A94207500C68C19 /* Build configuration list for PBXProject "Cats" */;
			compatibilityVersion = "Xcode 14.0";
			developmentRegion = en;
			hasScannedForEncodings = 0;
			knownRegions = (
				en,
				Base,
			);
			mainGroup = 64E0489C2A94207500C68C19;
			productRefGroup = 64E048A62A94207500C68C19 /* Products */;
			projectDirPath = "";
			projectRoot = "";
			targets = (
				64E048A42A94207500C68C19 /* Cats */,
				64E048B42A94207A00C68C19 /* CatsTests */,
				64E048BE2A94207A00C68C19 /* CatsUITests */,
			);
		};
/* End PBXProject section */

/* Begin PBXResourcesBuildPhase section */
		64E048A32A94207500C68C19 /* Resources */ = {
			isa = PBXResourcesBuildPhase;
			buildActionMask = 2147483647;
			files = (
				64E048B02A94207900C68C19 /* Preview Assets.xcassets in Resources */,
				64E048AD2A94207900C68C19 /* Assets.xcassets in Resources */,
			);
			runOnlyForDeploymentPostprocessing = 0;
		};
		64E048B32A94207A00C68C19 /* Resources */ = {
			isa = PBXResourcesBuildPhase;
			buildActionMask = 2147483647;
			files = (
			);
			runOnlyForDeploymentPostprocessing = 0;
		};
		64E048BD2A94207A00C68C19 /* Resources */ = {
			isa = PBXResourcesBuildPhase;
			buildActionMask = 2147483647;
			files = (
			);
			runOnlyForDeploymentPostprocessing = 0;
		};
/* End PBXResourcesBuildPhase section */

/* Begin PBXSourcesBuildPhase section */
		64E048A12A94207500C68C19 /* Sources */ = {
			isa = PBXSourcesBuildPhase;
			buildActionMask = 2147483647;
			files = (
				64E048D62A942B4500C68C19 /* Info.swift in Sources */,
				64E048D82A942D0500C68C19 /* InfoService.swift in Sources */,
				64E048AB2A94207500C68C19 /* ContentView.swift in Sources */,
				64E048DC2A9533CA00C68C19 /* CatListViewController.swift in Sources */,
				64E048DA2A945C3800C68C19 /* CatServiceViewModel.swift in Sources */,
				64E048A92A94207500C68C19 /* CatsApp.swift in Sources */,
			);
			runOnlyForDeploymentPostprocessing = 0;
		};
		64E048B12A94207A00C68C19 /* Sources */ = {
			isa = PBXSourcesBuildPhase;
			buildActionMask = 2147483647;
			files = (
				64E048BA2A94207A00C68C19 /* CatsTests.swift in Sources */,
			);
			runOnlyForDeploymentPostprocessing = 0;
		};
		64E048BB2A94207A00C68C19 /* Sources */ = {
			isa = PBXSourcesBuildPhase;
			buildActionMask = 2147483647;
			files = (
				64E048C42A94207A00C68C19 /* CatsUITests.swift in Sources */,
				64E048C62A94207A00C68C19 /* CatsUITestsLaunchTests.swift in Sources */,
			);
			runOnlyForDeploymentPostprocessing = 0;
		};
/* End PBXSourcesBuildPhase section */

/* Begin PBXTargetDependency section */
		64E048B72A94207A00C68C19 /* PBXTargetDependency */ = {
			isa = PBXTargetDependency;
			target = 64E048A42A94207500C68C19 /* Cats */;
			targetProxy = 64E048B62A94207A00C68C19 /* PBXContainerItemProxy */;
		};
		64E048C12A94207A00C68C19 /* PBXTargetDependency */ = {
			isa = PBXTargetDependency;
			target = 64E048A42A94207500C68C19 /* Cats */;
			targetProxy = 64E048C02A94207A00C68C19 /* PBXContainerItemProxy */;
		};
/* End PBXTargetDependency section */

/* Begin XCBuildConfiguration section */
		64E048C72A94207A00C68C19 /* Debug */ = {
			isa = XCBuildConfiguration;
			buildSettings = {
				ALWAYS_SEARCH_USER_PATHS = NO;
				CLANG_ANALYZER_NONNULL = YES;
				CLANG_ANALYZER_NUMBER_OBJECT_CONVERSION = YES_AGGRESSIVE;
				CLANG_CXX_LANGUAGE_STANDARD = "gnu++20";
				CLANG_ENABLE_MODULES = YES;
				CLANG_ENABLE_OBJC_ARC = YES;
				CLANG_ENABLE_OBJC_WEAK = YES;
				CLANG_WARN_BLOCK_CAPTURE_AUTORELEASING = YES;
				CLANG_WARN_BOOL_CONVERSION = YES;
				CLANG_WARN_COMMA = YES;
				CLANG_WARN_CONSTANT_CONVERSION = YES;
				CLANG_WARN_DEPRECATED_OBJC_IMPLEMENTATIONS = YES;
				CLANG_WARN_DIRECT_OBJC_ISA_USAGE = YES_ERROR;
				CLANG_WARN_DOCUMENTATION_COMMENTS = YES;
				CLANG_WARN_EMPTY_BODY = YES;
				CLANG_WARN_ENUM_CONVERSION = YES;
				CLANG_WARN_INFINITE_RECURSION = YES;
				CLANG_WARN_INT_CONVERSION = YES;
				CLANG_WARN_NON_LITERAL_NULL_CONVERSION = YES;
				CLANG_WARN_OBJC_IMPLICIT_RETAIN_SELF = YES;
				CLANG_WARN_OBJC_LITERAL_CONVERSION = YES;
				CLANG_WARN_OBJC_ROOT_CLASS = YES_ERROR;
				CLANG_WARN_QUOTED_INCLUDE_IN_FRAMEWORK_HEADER = YES;
				CLANG_WARN_RANGE_LOOP_ANALYSIS = YES;
				CLANG_WARN_STRICT_PROTOTYPES = YES;
				CLANG_WARN_SUSPICIOUS_MOVE = YES;
				CLANG_WARN_UNGUARDED_AVAILABILITY = YES_AGGRESSIVE;
				CLANG_WARN_UNREACHABLE_CODE = YES;
				CLANG_WARN__DUPLICATE_METHOD_MATCH = YES;
				COPY_PHASE_STRIP = NO;
				DEBUG_INFORMATION_FORMAT = dwarf;
				ENABLE_STRICT_OBJC_MSGSEND = YES;
				ENABLE_TESTABILITY = YES;
				GCC_C_LANGUAGE_STANDARD = gnu11;
				GCC_DYNAMIC_NO_PIC = NO;
				GCC_NO_COMMON_BLOCKS = YES;
				GCC_OPTIMIZATION_LEVEL = 0;
				GCC_PREPROCESSOR_DEFINITIONS = (
					"DEBUG=1",
					"$(inherited)",
				);
				GCC_WARN_64_TO_32_BIT_CONVERSION = YES;
				GCC_WARN_ABOUT_RETURN_TYPE = YES_ERROR;
				GCC_WARN_UNDECLARED_SELECTOR = YES;
				GCC_WARN_UNINITIALIZED_AUTOS = YES_AGGRESSIVE;
				GCC_WARN_UNUSED_FUNCTION = YES;
				GCC_WARN_UNUSED_VARIABLE = YES;
				IPHONEOS_DEPLOYMENT_TARGET = 16.4;
				MTL_ENABLE_DEBUG_INFO = INCLUDE_SOURCE;
				MTL_FAST_MATH = YES;
				ONLY_ACTIVE_ARCH = YES;
				SDKROOT = iphoneos;
				SWIFT_ACTIVE_COMPILATION_CONDITIONS = DEBUG;
				SWIFT_OPTIMIZATION_LEVEL = "-Onone";
			};
			name = Debug;
		};
		64E048C82A94207A00C68C19 /* Release */ = {
			isa = XCBuildConfiguration;
			buildSettings = {
				ALWAYS_SEARCH_USER_PATHS = NO;
				CLANG_ANALYZER_NONNULL = YES;
				CLANG_ANALYZER_NUMBER_OBJECT_CONVERSION = YES_AGGRESSIVE;
				CLANG_CXX_LANGUAGE_STANDARD = "gnu++20";
				CLANG_ENABLE_MODULES = YES;
				CLANG_ENABLE_OBJC_ARC = YES;
				CLANG_ENABLE_OBJC_WEAK = YES;
				CLANG_WARN_BLOCK_CAPTURE_AUTORELEASING = YES;
				CLANG_WARN_BOOL_CONVERSION = YES;
				CLANG_WARN_COMMA = YES;
				CLANG_WARN_CONSTANT_CONVERSION = YES;
				CLANG_WARN_DEPRECATED_OBJC_IMPLEMENTATIONS = YES;
				CLANG_WARN_DIRECT_OBJC_ISA_USAGE = YES_ERROR;
				CLANG_WARN_DOCUMENTATION_COMMENTS = YES;
				CLANG_WARN_EMPTY_BODY = YES;
				CLANG_WARN_ENUM_CONVERSION = YES;
				CLANG_WARN_INFINITE_RECURSION = YES;
				CLANG_WARN_INT_CONVERSION = YES;
				CLANG_WARN_NON_LITERAL_NULL_CONVERSION = YES;
				CLANG_WARN_OBJC_IMPLICIT_RETAIN_SELF = YES;
				CLANG_WARN_OBJC_LITERAL_CONVERSION = YES;
				CLANG_WARN_OBJC_ROOT_CLASS = YES_ERROR;
				CLANG_WARN_QUOTED_INCLUDE_IN_FRAMEWORK_HEADER = YES;
				CLANG_WARN_RANGE_LOOP_ANALYSIS = YES;
				CLANG_WARN_STRICT_PROTOTYPES = YES;
				CLANG_WARN_SUSPICIOUS_MOVE = YES;
				CLANG_WARN_UNGUARDED_AVAILABILITY = YES_AGGRESSIVE;
				CLANG_WARN_UNREACHABLE_CODE = YES;
				CLANG_WARN__DUPLICATE_METHOD_MATCH = YES;
				COPY_PHASE_STRIP = NO;
				DEBUG_INFORMATION_FORMAT = "dwarf-with-dsym";
				ENABLE_NS_ASSERTIONS = NO;
				ENABLE_STRICT_OBJC_MSGSEND = YES;
				GCC_C_LANGUAGE_STANDARD = gnu11;
				GCC_NO_COMMON_BLOCKS = YES;
				GCC_WARN_64_TO_32_BIT_CONVERSION = YES;
				GCC_WARN_ABOUT_RETURN_TYPE = YES_ERROR;
				GCC_WARN_UNDECLARED_SELECTOR = YES;
				GCC_WARN_UNINITIALIZED_AUTOS = YES_AGGRESSIVE;
				GCC_WARN_UNUSED_FUNCTION = YES;
				GCC_WARN_UNUSED_VARIABLE = YES;
				IPHONEOS_DEPLOYMENT_TARGET = 16.4;
				MTL_ENABLE_DEBUG_INFO = NO;
				MTL_FAST_MATH = YES;
				SDKROOT = iphoneos;
				SWIFT_COMPILATION_MODE = wholemodule;
				SWIFT_OPTIMIZATION_LEVEL = "-O";
				VALIDATE_PRODUCT = YES;
			};
			name = Release;
		};
		64E048CA2A94207A00C68C19 /* Debug */ = {
			isa = XCBuildConfiguration;
			buildSettings = {
				ASSETCATALOG_COMPILER_APPICON_NAME = AppIcon;
				ASSETCATALOG_COMPILER_GLOBAL_ACCENT_COLOR_NAME = AccentColor;
				CODE_SIGN_STYLE = Automatic;
				CURRENT_PROJECT_VERSION = 1;
				DEVELOPMENT_ASSET_PATHS = "\"Cats/Preview Content\"";
				DEVELOPMENT_TEAM = 85VBBM95CJ;
				ENABLE_PREVIEWS = YES;
				GENERATE_INFOPLIST_FILE = YES;
				INFOPLIST_KEY_UIApplicationSceneManifest_Generation = YES;
				INFOPLIST_KEY_UIApplicationSupportsIndirectInputEvents = YES;
				INFOPLIST_KEY_UILaunchScreen_Generation = YES;
				INFOPLIST_KEY_UISupportedInterfaceOrientations_iPad = "UIInterfaceOrientationPortrait UIInterfaceOrientationPortraitUpsideDown UIInterfaceOrientationLandscapeLeft UIInterfaceOrientationLandscapeRight";
				INFOPLIST_KEY_UISupportedInterfaceOrientations_iPhone = "UIInterfaceOrientationPortrait UIInterfaceOrientationLandscapeLeft UIInterfaceOrientationLandscapeRight";
				LD_RUNPATH_SEARCH_PATHS = (
					"$(inherited)",
					"@executable_path/Frameworks",
				);
				MARKETING_VERSION = 1.0;
				PRODUCT_BUNDLE_IDENTIFIER = practice.Cats;
				PRODUCT_NAME = "$(TARGET_NAME)";
				SWIFT_EMIT_LOC_STRINGS = YES;
				SWIFT_VERSION = 5.0;
				TARGETED_DEVICE_FAMILY = "1,2";
			};
			name = Debug;
		};
		64E048CB2A94207A00C68C19 /* Release */ = {
			isa = XCBuildConfiguration;
			buildSettings = {
				ASSETCATALOG_COMPILER_APPICON_NAME = AppIcon;
				ASSETCATALOG_COMPILER_GLOBAL_ACCENT_COLOR_NAME = AccentColor;
				CODE_SIGN_STYLE = Automatic;
				CURRENT_PROJECT_VERSION = 1;
				DEVELOPMENT_ASSET_PATHS = "\"Cats/Preview Content\"";
				DEVELOPMENT_TEAM = 85VBBM95CJ;
				ENABLE_PREVIEWS = YES;
				GENERATE_INFOPLIST_FILE = YES;
				INFOPLIST_KEY_UIApplicationSceneManifest_Generation = YES;
				INFOPLIST_KEY_UIApplicationSupportsIndirectInputEvents = YES;
				INFOPLIST_KEY_UILaunchScreen_Generation = YES;
				INFOPLIST_KEY_UISupportedInterfaceOrientations_iPad = "UIInterfaceOrientationPortrait UIInterfaceOrientationPortraitUpsideDown UIInterfaceOrientationLandscapeLeft UIInterfaceOrientationLandscapeRight";
				INFOPLIST_KEY_UISupportedInterfaceOrientations_iPhone = "UIInterfaceOrientationPortrait UIInterfaceOrientationLandscapeLeft UIInterfaceOrientationLandscapeRight";
				LD_RUNPATH_SEARCH_PATHS = (
					"$(inherited)",
					"@executable_path/Frameworks",
				);
				MARKETING_VERSION = 1.0;
				PRODUCT_BUNDLE_IDENTIFIER = practice.Cats;
				PRODUCT_NAME = "$(TARGET_NAME)";
				SWIFT_EMIT_LOC_STRINGS = YES;
				SWIFT_VERSION = 5.0;
				TARGETED_DEVICE_FAMILY = "1,2";
			};
			name = Release;
		};
		64E048CD2A94207A00C68C19 /* Debug */ = {
			isa = XCBuildConfiguration;
			buildSettings = {
				ALWAYS_EMBED_SWIFT_STANDARD_LIBRARIES = YES;
				BUNDLE_LOADER = "$(TEST_HOST)";
				CODE_SIGN_STYLE = Automatic;
				CURRENT_PROJECT_VERSION = 1;
				DEVELOPMENT_TEAM = 85VBBM95CJ;
				GENERATE_INFOPLIST_FILE = YES;
				IPHONEOS_DEPLOYMENT_TARGET = 16.4;
				MARKETING_VERSION = 1.0;
				PRODUCT_BUNDLE_IDENTIFIER = practice.CatsTests;
				PRODUCT_NAME = "$(TARGET_NAME)";
				SWIFT_EMIT_LOC_STRINGS = NO;
				SWIFT_VERSION = 5.0;
				TARGETED_DEVICE_FAMILY = "1,2";
				TEST_HOST = "$(BUILT_PRODUCTS_DIR)/Cats.app/$(BUNDLE_EXECUTABLE_FOLDER_PATH)/Cats";
			};
			name = Debug;
		};
		64E048CE2A94207A00C68C19 /* Release */ = {
			isa = XCBuildConfiguration;
			buildSettings = {
				ALWAYS_EMBED_SWIFT_STANDARD_LIBRARIES = YES;
				BUNDLE_LOADER = "$(TEST_HOST)";
				CODE_SIGN_STYLE = Automatic;
				CURRENT_PROJECT_VERSION = 1;
				DEVELOPMENT_TEAM = 85VBBM95CJ;
				GENERATE_INFOPLIST_FILE = YES;
				IPHONEOS_DEPLOYMENT_TARGET = 16.4;
				MARKETING_VERSION = 1.0;
				PRODUCT_BUNDLE_IDENTIFIER = practice.CatsTests;
				PRODUCT_NAME = "$(TARGET_NAME)";
				SWIFT_EMIT_LOC_STRINGS = NO;
				SWIFT_VERSION = 5.0;
				TARGETED_DEVICE_FAMILY = "1,2";
				TEST_HOST = "$(BUILT_PRODUCTS_DIR)/Cats.app/$(BUNDLE_EXECUTABLE_FOLDER_PATH)/Cats";
			};
			name = Release;
		};
		64E048D02A94207A00C68C19 /* Debug */ = {
			isa = XCBuildConfiguration;
			buildSettings = {
				ALWAYS_EMBED_SWIFT_STANDARD_LIBRARIES = YES;
				CODE_SIGN_STYLE = Automatic;
				CURRENT_PROJECT_VERSION = 1;
				DEVELOPMENT_TEAM = 85VBBM95CJ;
				GENERATE_INFOPLIST_FILE = YES;
				MARKETING_VERSION = 1.0;
				PRODUCT_BUNDLE_IDENTIFIER = practice.CatsUITests;
				PRODUCT_NAME = "$(TARGET_NAME)";
				SWIFT_EMIT_LOC_STRINGS = NO;
				SWIFT_VERSION = 5.0;
				TARGETED_DEVICE_FAMILY = "1,2";
				TEST_TARGET_NAME = Cats;
			};
			name = Debug;
		};
		64E048D12A94207A00C68C19 /* Release */ = {
			isa = XCBuildConfiguration;
			buildSettings = {
				ALWAYS_EMBED_SWIFT_STANDARD_LIBRARIES = YES;
				CODE_SIGN_STYLE = Automatic;
				CURRENT_PROJECT_VERSION = 1;
				DEVELOPMENT_TEAM = 85VBBM95CJ;
				GENERATE_INFOPLIST_FILE = YES;
				MARKETING_VERSION = 1.0;
				PRODUCT_BUNDLE_IDENTIFIER = practice.CatsUITests;
				PRODUCT_NAME = "$(TARGET_NAME)";
				SWIFT_EMIT_LOC_STRINGS = NO;
				SWIFT_VERSION = 5.0;
				TARGETED_DEVICE_FAMILY = "1,2";
				TEST_TARGET_NAME = Cats;
			};
			name = Release;
		};
/* End XCBuildConfiguration section */

/* Begin XCConfigurationList section */
		64E048A02A94207500C68C19 /* Build configuration list for PBXProject "Cats" */ = {
			isa = XCConfigurationList;
			buildConfigurations = (
				64E048C72A94207A00C68C19 /* Debug */,
				64E048C82A94207A00C68C19 /* Release */,
			);
			defaultConfigurationIsVisible = 0;
			defaultConfigurationName = Release;
		};
		64E048C92A94207A00C68C19 /* Build configuration list for PBXNativeTarget "Cats" */ = {
			isa = XCConfigurationList;
			buildConfigurations = (
				64E048CA2A94207A00C68C19 /* Debug */,
				64E048CB2A94207A00C68C19 /* Release */,
			);
			defaultConfigurationIsVisible = 0;
			defaultConfigurationName = Release;
		};
		64E048CC2A94207A00C68C19 /* Build configuration list for PBXNativeTarget "CatsTests" */ = {
			isa = XCConfigurationList;
			buildConfigurations = (
				64E048CD2A94207A00C68C19 /* Debug */,
				64E048CE2A94207A00C68C19 /* Release */,
			);
			defaultConfigurationIsVisible = 0;
			defaultConfigurationName = Release;
		};
		64E048CF2A94207A00C68C19 /* Build configuration list for PBXNativeTarget "CatsUITests" */ = {
			isa = XCConfigurationList;
			buildConfigurations = (
				64E048D02A94207A00C68C19 /* Debug */,
				64E048D12A94207A00C68C19 /* Release */,
			);
			defaultConfigurationIsVisible = 0;
			defaultConfigurationName = Release;
		};
/* End XCConfigurationList section */
	};
	rootObject = 64E0489D2A94207500C68C19 /* Project object */;
}
